
Microsoft Visual Studio Solution File, Format Version 12.00
# Visual Studio Version 17
VisualStudioVersion = 17.13.35825.156
MinimumVisualStudioVersion = 10.0.40219.1
Project("{9A19103F-16F7-4668-BE54-9A1E7A4F7556}") = "CustomConfigurationManager", "CustomConfigurationManager\CustomConfigurationManager.csproj", "{17F44EB0-B133-9DE5-97C0-4D0C6A049D60}"
EndProject
Project("{2150E333-8FDC-42A3-9474-1A3956D46DE8}") = "Assets", "Assets", "{69910611-4767-48B3-A178-C0E10B9349C4}"
	ProjectSection(SolutionItems) = preProject
		..\encrypted_machine.config = ..\encrypted_machine.config
		key-2a7a9349-4de0-484a-938f-80e1f1f663dd.xml = key-2a7a9349-4de0-484a-938f-80e1f1f663dd.xml
		..\README.md = ..\README.md
	EndProjectSection
EndProject
Global
	GlobalSection(SolutionConfigurationPlatforms) = preSolution
		Debug|Any CPU = Debug|Any CPU
		Release|Any CPU = Release|Any CPU
	EndGlobalSection
	GlobalSection(ProjectConfigurationPlatforms) = postSolution
		{17F44EB0-B133-9DE5-97C0-4D0C6A049D60}.Debug|Any CPU.ActiveCfg = Debug|Any CPU
		{17F44EB0-B133-9DE5-97C0-4D0C6A049D60}.Debug|Any CPU.Build.0 = Debug|Any CPU
		{17F44EB0-B133-9DE5-97C0-4D0C6A049D60}.Release|Any CPU.ActiveCfg = Release|Any CPU
		{17F44EB0-B133-9DE5-97C0-4D0C6A049D60}.Release|Any CPU.Build.0 = Release|Any CPU
	EndGlobalSection
	GlobalSection(SolutionProperties) = preSolution
		HideSolutionNode = FALSE
	EndGlobalSection
	GlobalSection(ExtensibilityGlobals) = postSolution
		SolutionGuid = {360DBBA5-89C1-4983-8A20-89C29BCD2D57}
	EndGlobalSection
EndGlobal
